
Microsoft Visual Studio Solution File, Format Version 12.00
# Visual Studio Version 16
VisualStudioVersion = 16.0.31702.278
MinimumVisualStudioVersion = 10.0.40219.1
Project("{9A19103F-16F7-4668-BE54-9A1E7A4F7556}") = "OneTimePassword.API", "OneTimePassword\OneTimePassword.API.csproj", "{EE9612A8-6461-4E1F-AA5B-4506287DEE02}"
EndProject
Project("{9A19103F-16F7-4668-BE54-9A1E7A4F7556}") = "OneTimePassword.BusinessLogic", "OneTimePassword.BusinessLogic\OneTimePassword.BusinessLogic.csproj", "{6E0C0F1A-B288-41C1-9301-0A7D2230B43C}"
EndProject
Project("{54A90642-561A-4BB1-A94E-469ADEE60C69}") = "OneTimePassword.UI", "OneTimePassword.UI\OneTimePassword.UI.esproj", "{DD46EED9-9883-48EF-8DF9-48799336CD8E}"
EndProject
Project("{FAE04EC0-301F-11D3-BF4B-00C04F79EFBC}") = "OneTimePassword.BusinessLogicTests", "OneTimePassword.BusinessLogicTests\OneTimePassword.BusinessLogicTests.csproj", "{EB453321-FB68-4A70-81EB-1F731E770A39}"
EndProject
Global
	GlobalSection(SolutionConfigurationPlatforms) = preSolution
		Debug|Any CPU = Debug|Any CPU
		Release|Any CPU = Release|Any CPU
	EndGlobalSection
	GlobalSection(ProjectConfigurationPlatforms) = postSolution
		{EE9612A8-6461-4E1F-AA5B-4506287DEE02}.Debug|Any CPU.ActiveCfg = Debug|Any CPU
		{EE9612A8-6461-4E1F-AA5B-4506287DEE02}.Debug|Any CPU.Build.0 = Debug|Any CPU
		{EE9612A8-6461-4E1F-AA5B-4506287DEE02}.Release|Any CPU.ActiveCfg = Release|Any CPU
		{EE9612A8-6461-4E1F-AA5B-4506287DEE02}.Release|Any CPU.Build.0 = Release|Any CPU
		{6E0C0F1A-B288-41C1-9301-0A7D2230B43C}.Debug|Any CPU.ActiveCfg = Debug|Any CPU
		{6E0C0F1A-B288-41C1-9301-0A7D2230B43C}.Debug|Any CPU.Build.0 = Debug|Any CPU
		{6E0C0F1A-B288-41C1-9301-0A7D2230B43C}.Release|Any CPU.ActiveCfg = Release|Any CPU
		{6E0C0F1A-B288-41C1-9301-0A7D2230B43C}.Release|Any CPU.Build.0 = Release|Any CPU
		{DD46EED9-9883-48EF-8DF9-48799336CD8E}.Debug|Any CPU.ActiveCfg = Debug|Any CPU
		{DD46EED9-9883-48EF-8DF9-48799336CD8E}.Debug|Any CPU.Build.0 = Debug|Any CPU
		{DD46EED9-9883-48EF-8DF9-48799336CD8E}.Debug|Any CPU.Deploy.0 = Debug|Any CPU
		{DD46EED9-9883-48EF-8DF9-48799336CD8E}.Release|Any CPU.ActiveCfg = Release|Any CPU
		{DD46EED9-9883-48EF-8DF9-48799336CD8E}.Release|Any CPU.Build.0 = Release|Any CPU
		{DD46EED9-9883-48EF-8DF9-48799336CD8E}.Release|Any CPU.Deploy.0 = Release|Any CPU
		{EB453321-FB68-4A70-81EB-1F731E770A39}.Debug|Any CPU.ActiveCfg = Debug|Any CPU
		{EB453321-FB68-4A70-81EB-1F731E770A39}.Debug|Any CPU.Build.0 = Debug|Any CPU
		{EB453321-FB68-4A70-81EB-1F731E770A39}.Release|Any CPU.ActiveCfg = Release|Any CPU
		{EB453321-FB68-4A70-81EB-1F731E770A39}.Release|Any CPU.Build.0 = Release|Any CPU
	EndGlobalSection
	GlobalSection(SolutionProperties) = preSolution
		HideSolutionNode = FALSE
	EndGlobalSection
	GlobalSection(ExtensibilityGlobals) = postSolution
		SolutionGuid = {E099D18E-BCA1-4B22-818B-F52758B4E26C}
	EndGlobalSection
EndGlobal
